
Microsoft Visual Studio Solution File, Format Version 12.00
# Visual Studio Version 16
VisualStudioVersion = 16.0.31025.218
MinimumVisualStudioVersion = 10.0.40219.1
Project("{9A19103F-16F7-4668-BE54-9A1E7A4F7556}") = "WorkBreakReminder.Core", "WorkBreakReminder.Core\WorkBreakReminder.Core.csproj", "{8594DDF0-81D2-4708-8B2D-C6975842BE65}"
EndProject
Project("{9A19103F-16F7-4668-BE54-9A1E7A4F7556}") = "WorkBreakReminder", "WorkBreakReminder\WorkBreakReminder.csproj", "{AAD337D3-BEC3-46C3-A9D6-A20BBAA3F0A2}"
EndProject
Project("{FAE04EC0-301F-11D3-BF4B-00C04F79EFBC}") = "WorkBreakReminder.Core.Tests", "WorkBreakReminder.Core.Tests\WorkBreakReminder.Core.Tests.csproj", "{7F994DDC-87F4-4B59-ACCE-AD219355D1B2}"
EndProject
Global
	GlobalSection(SolutionConfigurationPlatforms) = preSolution
		Debug|Any CPU = Debug|Any CPU
		Release|Any CPU = Release|Any CPU
	EndGlobalSection
	GlobalSection(ProjectConfigurationPlatforms) = postSolution
		{8594DDF0-81D2-4708-8B2D-C6975842BE65}.Debug|Any CPU.ActiveCfg = Debug|Any CPU
		{8594DDF0-81D2-4708-8B2D-C6975842BE65}.Debug|Any CPU.Build.0 = Debug|Any CPU
		{8594DDF0-81D2-4708-8B2D-C6975842BE65}.Release|Any CPU.ActiveCfg = Release|Any CPU
		{8594DDF0-81D2-4708-8B2D-C6975842BE65}.Release|Any CPU.Build.0 = Release|Any CPU
		{AAD337D3-BEC3-46C3-A9D6-A20BBAA3F0A2}.Debug|Any CPU.ActiveCfg = Debug|Any CPU
		{AAD337D3-BEC3-46C3-A9D6-A20BBAA3F0A2}.Debug|Any CPU.Build.0 = Debug|Any CPU
		{AAD337D3-BEC3-46C3-A9D6-A20BBAA3F0A2}.Release|Any CPU.ActiveCfg = Release|Any CPU
		{AAD337D3-BEC3-46C3-A9D6-A20BBAA3F0A2}.Release|Any CPU.Build.0 = Release|Any CPU
		{7F994DDC-87F4-4B59-ACCE-AD219355D1B2}.Debug|Any CPU.ActiveCfg = Debug|Any CPU
		{7F994DDC-87F4-4B59-ACCE-AD219355D1B2}.Debug|Any CPU.Build.0 = Debug|Any CPU
		{7F994DDC-87F4-4B59-ACCE-AD219355D1B2}.Release|Any CPU.ActiveCfg = Release|Any CPU
		{7F994DDC-87F4-4B59-ACCE-AD219355D1B2}.Release|Any CPU.Build.0 = Release|Any CPU
	EndGlobalSection
	GlobalSection(SolutionProperties) = preSolution
		HideSolutionNode = FALSE
	EndGlobalSection
	GlobalSection(ExtensibilityGlobals) = postSolution
		SolutionGuid = {62308943-B99C-4627-97D4-3486B1E4225A}
	EndGlobalSection
EndGlobal
